
Microsoft Visual Studio Solution File, Format Version 12.00
# Visual Studio Version 17
VisualStudioVersion = 17.8.34316.72
MinimumVisualStudioVersion = 10.0.40219.1
Project("{9A19103F-16F7-4668-BE54-9A1E7A4F7556}") = "BlackHole.Server", "BlackHole\Server\BlackHole.Server.csproj", "{2FD26E20-3C99-47F5-B6B5-C7A9CA8F5631}"
EndProject
Project("{9A19103F-16F7-4668-BE54-9A1E7A4F7556}") = "BlackHole.Client", "BlackHole\Client\BlackHole.Client.csproj", "{31FE04F4-1C06-4D0D-AC84-355BCA42C045}"
EndProject
Project("{9A19103F-16F7-4668-BE54-9A1E7A4F7556}") = "BlackHole.Shared", "BlackHole\Shared\BlackHole.Shared.csproj", "{A3303721-8EDA-4FB2-9456-42934A228897}"
EndProject
Global
	GlobalSection(SolutionConfigurationPlatforms) = preSolution
		Debug|Any CPU = Debug|Any CPU
		Release|Any CPU = Release|Any CPU
	EndGlobalSection
	GlobalSection(ProjectConfigurationPlatforms) = postSolution
		{2FD26E20-3C99-47F5-B6B5-C7A9CA8F5631}.Debug|Any CPU.ActiveCfg = Debug|Any CPU
		{2FD26E20-3C99-47F5-B6B5-C7A9CA8F5631}.Debug|Any CPU.Build.0 = Debug|Any CPU
		{2FD26E20-3C99-47F5-B6B5-C7A9CA8F5631}.Release|Any CPU.ActiveCfg = Release|Any CPU
		{2FD26E20-3C99-47F5-B6B5-C7A9CA8F5631}.Release|Any CPU.Build.0 = Release|Any CPU
		{31FE04F4-1C06-4D0D-AC84-355BCA42C045}.Debug|Any CPU.ActiveCfg = Debug|Any CPU
		{31FE04F4-1C06-4D0D-AC84-355BCA42C045}.Debug|Any CPU.Build.0 = Debug|Any CPU
		{31FE04F4-1C06-4D0D-AC84-355BCA42C045}.Release|Any CPU.ActiveCfg = Release|Any CPU
		{31FE04F4-1C06-4D0D-AC84-355BCA42C045}.Release|Any CPU.Build.0 = Release|Any CPU
		{A3303721-8EDA-4FB2-9456-42934A228897}.Debug|Any CPU.ActiveCfg = Debug|Any CPU
		{A3303721-8EDA-4FB2-9456-42934A228897}.Debug|Any CPU.Build.0 = Debug|Any CPU
		{A3303721-8EDA-4FB2-9456-42934A228897}.Release|Any CPU.ActiveCfg = Release|Any CPU
		{A3303721-8EDA-4FB2-9456-42934A228897}.Release|Any CPU.Build.0 = Release|Any CPU
	EndGlobalSection
	GlobalSection(SolutionProperties) = preSolution
		HideSolutionNode = FALSE
	EndGlobalSection
	GlobalSection(ExtensibilityGlobals) = postSolution
		SolutionGuid = {49330CC2-93DA-4045-B3ED-BA515F85ED19}
	EndGlobalSection
EndGlobal
